
Microsoft Visual Studio Solution File, Format Version 12.00
# Visual Studio Version 16
VisualStudioVersion = 16.0.34031.81
MinimumVisualStudioVersion = 10.0.40219.1
Project("{9A19103F-16F7-4668-BE54-9A1E7A4F7556}") = "BlazorPizzas", "BlazorPizzas\BlazorPizzas.csproj", "{3B93FA58-347B-4C21-9223-3272F5813C47}"
EndProject
Project("{FAE04EC0-301F-11D3-BF4B-00C04F79EFBC}") = "BlazorPizzas.Models", "BlazorPizzas.Models\BlazorPizzas.Models.csproj", "{88A194A9-0C5F-46FB-8B6F-0E25F834D46D}"
EndProject
Project("{FAE04EC0-301F-11D3-BF4B-00C04F79EFBC}") = "Blazor.Pizzas.Api", "Blazor.Pizzas.Api\Blazor.Pizzas.Api.csproj", "{F93FD194-EF6B-4804-BE83-4DF79C7FACFC}"
EndProject
Global
	GlobalSection(SolutionConfigurationPlatforms) = preSolution
		Debug|Any CPU = Debug|Any CPU
		Release|Any CPU = Release|Any CPU
	EndGlobalSection
	GlobalSection(ProjectConfigurationPlatforms) = postSolution
		{3B93FA58-347B-4C21-9223-3272F5813C47}.Debug|Any CPU.ActiveCfg = Debug|Any CPU
		{3B93FA58-347B-4C21-9223-3272F5813C47}.Debug|Any CPU.Build.0 = Debug|Any CPU
		{3B93FA58-347B-4C21-9223-3272F5813C47}.Release|Any CPU.ActiveCfg = Release|Any CPU
		{3B93FA58-347B-4C21-9223-3272F5813C47}.Release|Any CPU.Build.0 = Release|Any CPU
		{88A194A9-0C5F-46FB-8B6F-0E25F834D46D}.Debug|Any CPU.ActiveCfg = Debug|Any CPU
		{88A194A9-0C5F-46FB-8B6F-0E25F834D46D}.Debug|Any CPU.Build.0 = Debug|Any CPU
		{88A194A9-0C5F-46FB-8B6F-0E25F834D46D}.Release|Any CPU.ActiveCfg = Release|Any CPU
		{88A194A9-0C5F-46FB-8B6F-0E25F834D46D}.Release|Any CPU.Build.0 = Release|Any CPU
		{F93FD194-EF6B-4804-BE83-4DF79C7FACFC}.Debug|Any CPU.ActiveCfg = Debug|Any CPU
		{F93FD194-EF6B-4804-BE83-4DF79C7FACFC}.Debug|Any CPU.Build.0 = Debug|Any CPU
		{F93FD194-EF6B-4804-BE83-4DF79C7FACFC}.Release|Any CPU.ActiveCfg = Release|Any CPU
		{F93FD194-EF6B-4804-BE83-4DF79C7FACFC}.Release|Any CPU.Build.0 = Release|Any CPU
	EndGlobalSection
	GlobalSection(SolutionProperties) = preSolution
		HideSolutionNode = FALSE
	EndGlobalSection
	GlobalSection(ExtensibilityGlobals) = postSolution
		SolutionGuid = {8C56466C-5D0A-4374-82F8-8B87C670A613}
	EndGlobalSection
EndGlobal
